
Microsoft Visual Studio Solution File, Format Version 12.00
# Visual Studio 15
VisualStudioVersion = 15.0.27428.2043
MinimumVisualStudioVersion = 10.0.40219.1
Project("{FAE04EC0-301F-11D3-BF4B-00C04F79EFBC}") = "NovaEra", "NovaEra\NovaEra.csproj", "{7D79DEB1-FB44-450E-BF94-9DEC0FF363A3}"
EndProject
Project("{FAE04EC0-301F-11D3-BF4B-00C04F79EFBC}") = "BibliotecaModalSapataria", "BibliotecaModalSapataria\BibliotecaModalSapataria.csproj", "{B390A4CF-5AA4-48B2-B522-F994DE777B30}"
EndProject
Global
	GlobalSection(SolutionConfigurationPlatforms) = preSolution
		Debug|Any CPU = Debug|Any CPU
		Release|Any CPU = Release|Any CPU
	EndGlobalSection
	GlobalSection(ProjectConfigurationPlatforms) = postSolution
		{7D79DEB1-FB44-450E-BF94-9DEC0FF363A3}.Debug|Any CPU.ActiveCfg = Debug|Any CPU
		{7D79DEB1-FB44-450E-BF94-9DEC0FF363A3}.Debug|Any CPU.Build.0 = Debug|Any CPU
		{7D79DEB1-FB44-450E-BF94-9DEC0FF363A3}.Release|Any CPU.ActiveCfg = Release|Any CPU
		{7D79DEB1-FB44-450E-BF94-9DEC0FF363A3}.Release|Any CPU.Build.0 = Release|Any CPU
		{B390A4CF-5AA4-48B2-B522-F994DE777B30}.Debug|Any CPU.ActiveCfg = Debug|Any CPU
		{B390A4CF-5AA4-48B2-B522-F994DE777B30}.Debug|Any CPU.Build.0 = Debug|Any CPU
		{B390A4CF-5AA4-48B2-B522-F994DE777B30}.Release|Any CPU.ActiveCfg = Release|Any CPU
		{B390A4CF-5AA4-48B2-B522-F994DE777B30}.Release|Any CPU.Build.0 = Release|Any CPU
	EndGlobalSection
	GlobalSection(SolutionProperties) = preSolution
		HideSolutionNode = FALSE
	EndGlobalSection
	GlobalSection(ExtensibilityGlobals) = postSolution
		SolutionGuid = {10EF81EE-7864-48EA-9978-42FFE0428584}
	EndGlobalSection
EndGlobal
